dependencies:
  espressif/mdns:
    component_hash: 29e47564b1a7ee778135e17fbbf2a2773f71c97ebabfe626c8eda7c958a7ad16
    dependencies:
    - name: idf
      require: private
      version: '>=5.0'
    source:
      registry_url: https://components.espressif.com/
      type: service
    version: 1.9.1
  idf:
    source:
      type: idf
    version: 6.0.0
direct_dependencies:
- espressif/mdns
manifest_hash: 27f2c0145affef76405179c985ed2f0781028d55192b08d910950f5ce5140780
target: esp32
version: 2.0.0
